
Microsoft Visual Studio Solution File, Format Version 12.00
# Visual Studio 15
VisualStudioVersion = 15.0.27703.2047
MinimumVisualStudioVersion = 10.0.40219.1
Project("{FAE04EC0-301F-11D3-BF4B-00C04F79EFBC}") = "PayneBioApp.Android", "PayneBioApp\PayneBioApp.Android\PayneBioApp.Android.csproj", "{35BD20C8-C068-492C-BED5-D97550447788}"
EndProject
Project("{FAE04EC0-301F-11D3-BF4B-00C04F79EFBC}") = "PayneBioApp.iOS", "PayneBioApp\PayneBioApp.iOS\PayneBioApp.iOS.csproj", "{D94051D2-D4A8-443F-86E8-8BF277C1567F}"
EndProject
Project("{FAE04EC0-301F-11D3-BF4B-00C04F79EFBC}") = "PayneBioApp.UWP", "PayneBioApp\PayneBioApp.UWP\PayneBioApp.UWP.csproj", "{926002A9-9AA6-40B9-A949-7B4F2BB859AE}"
EndProject
Project("{FAE04EC0-301F-11D3-BF4B-00C04F79EFBC}") = "PayneBioApp", "PayneBioApp\PayneBioApp\PayneBioApp.csproj", "{DBEC6B52-D9DD-4478-ACEF-17FFA4FE0E39}"
EndProject
Global
	GlobalSection(SolutionConfigurationPlatforms) = preSolution
		Ad-Hoc|Any CPU = Ad-Hoc|Any CPU
		Ad-Hoc|ARM = Ad-Hoc|ARM
		Ad-Hoc|iPhone = Ad-Hoc|iPhone
		Ad-Hoc|iPhoneSimulator = Ad-Hoc|iPhoneSimulator
		Ad-Hoc|x64 = Ad-Hoc|x64
		Ad-Hoc|x86 = Ad-Hoc|x86
		AppStore|Any CPU = AppStore|Any CPU
		AppStore|ARM = AppStore|ARM
		AppStore|iPhone = AppStore|iPhone
		AppStore|iPhoneSimulator = AppStore|iPhoneSimulator
		AppStore|x64 = AppStore|x64
		AppStore|x86 = AppStore|x86
		Debug|Any CPU = Debug|Any CPU
		Debug|ARM = Debug|ARM
		Debug|iPhone = Debug|iPhone
		Debug|iPhoneSimulator = Debug|iPhoneSimulator
		Debug|x64 = Debug|x64
		Debug|x86 = Debug|x86
		Release|Any CPU = Release|Any CPU
		Release|ARM = Release|ARM
		Release|iPhone = Release|iPhone
		Release|iPhoneSimulator = Release|iPhoneSimulator
		Release|x64 = Release|x64
		Release|x86 = Release|x86
	EndGlobalSection
	GlobalSection(ProjectConfigurationPlatforms) = postSolution
		{35BD20C8-C068-492C-BED5-D97550447788}.Ad-Hoc|Any CPU.ActiveCfg = Release|Any CPU
		{35BD20C8-C068-492C-BED5-D97550447788}.Ad-Hoc|Any CPU.Build.0 = Release|Any CPU
		{35BD20C8-C068-492C-BED5-D97550447788}.Ad-Hoc|Any CPU.Deploy.0 = Release|Any CPU
		{35BD20C8-C068-492C-BED5-D97550447788}.Ad-Hoc|ARM.ActiveCfg = Release|Any CPU
		{35BD20C8-C068-492C-BED5-D97550447788}.Ad-Hoc|ARM.Build.0 = Release|Any CPU
		{35BD20C8-C068-492C-BED5-D97550447788}.Ad-Hoc|ARM.Deploy.0 = Release|Any CPU
		{35BD20C8-C068-492C-BED5-D97550447788}.Ad-Hoc|iPhone.ActiveCfg = Release|Any CPU
		{35BD20C8-C068-492C-BED5-D97550447788}.Ad-Hoc|iPhone.Build.0 = Release|Any CPU
		{35BD20C8-C068-492C-BED5-D97550447788}.Ad-Hoc|iPhone.Deploy.0 = Release|Any CPU
		{35BD20C8-C068-492C-BED5-D97550447788}.Ad-Hoc|iPhoneSimulator.ActiveCfg = Release|Any CPU
		{35BD20C8-C068-492C-BED5-D97550447788}.Ad-Hoc|iPhoneSimulator.Build.0 = Release|Any CPU
		{35BD20C8-C068-492C-BED5-D97550447788}.Ad-Hoc|iPhoneSimulator.Deploy.0 = Release|Any CPU
		{35BD20C8-C068-492C-BED5-D97550447788}.Ad-Hoc|x64.ActiveCfg = Release|Any CPU
		{35BD20C8-C068-492C-BED5-D97550447788}.Ad-Hoc|x64.Build.0 = Release|Any CPU
		{35BD20C8-C068-492C-BED5-D97550447788}.Ad-Hoc|x64.Deploy.0 = Release|Any CPU
		{35BD20C8-C068-492C-BED5-D97550447788}.Ad-Hoc|x86.ActiveCfg = Release|Any CPU
		{35BD20C8-C068-492C-BED5-D97550447788}.Ad-Hoc|x86.Build.0 = Release|Any CPU
		{35BD20C8-C068-492C-BED5-D97550447788}.Ad-Hoc|x86.Deploy.0 = Release|Any CPU
		{35BD20C8-C068-492C-BED5-D97550447788}.AppStore|Any CPU.ActiveCfg = Release|Any CPU
		{35BD20C8-C068-492C-BED5-D97550447788}.AppStore|Any CPU.Build.0 = Release|Any CPU
		{35BD20C8-C068-492C-BED5-D97550447788}.AppStore|Any CPU.Deploy.0 = Release|Any CPU
		{35BD20C8-C068-492C-BED5-D97550447788}.AppStore|ARM.ActiveCfg = Release|Any CPU
		{35BD20C8-C068-492C-BED5-D97550447788}.AppStore|ARM.Build.0 = Release|Any CPU
		{35BD20C8-C068-492C-BED5-D97550447788}.AppStore|ARM.Deploy.0 = Release|Any CPU
		{35BD20C8-C068-492C-BED5-D97550447788}.AppStore|iPhone.ActiveCfg = Release|Any CPU
		{35BD20C8-C068-492C-BED5-D97550447788}.AppStore|iPhone.Build.0 = Release|Any CPU
		{35BD20C8-C068-492C-BED5-D97550447788}.AppStore|iPhone.Deploy.0 = Release|Any CPU
		{35BD20C8-C068-492C-BED5-D97550447788}.AppStore|iPhoneSimulator.ActiveCfg = Release|Any CPU
		{35BD20C8-C068-492C-BED5-D97550447788}.AppStore|iPhoneSimulator.Build.0 = Release|Any CPU
		{35BD20C8-C068-492C-BED5-D97550447788}.AppStore|iPhoneSimulator.Deploy.0 = Release|Any CPU
		{35BD20C8-C068-492C-BED5-D97550447788}.AppStore|x64.ActiveCfg = Release|Any CPU
		{35BD20C8-C068-492C-BED5-D97550447788}.AppStore|x64.Build.0 = Release|Any CPU
		{35BD20C8-C068-492C-BED5-D97550447788}.AppStore|x64.Deploy.0 = Release|Any CPU
		{35BD20C8-C068-492C-BED5-D97550447788}.AppStore|x86.ActiveCfg = Release|Any CPU
		{35BD20C8-C068-492C-BED5-D97550447788}.AppStore|x86.Build.0 = Release|Any CPU
		{35BD20C8-C068-492C-BED5-D97550447788}.AppStore|x86.Deploy.0 = Release|Any CPU
		{35BD20C8-C068-492C-BED5-D97550447788}.Debug|Any CPU.ActiveCfg = Debug|Any CPU
		{35BD20C8-C068-492C-BED5-D97550447788}.Debug|Any CPU.Build.0 = Debug|Any CPU
		{35BD20C8-C068-492C-BED5-D97550447788}.Debug|Any CPU.Deploy.0 = Debug|Any CPU
		{35BD20C8-C068-492C-BED5-D97550447788}.Debug|ARM.ActiveCfg = Debug|Any CPU
		{35BD20C8-C068-492C-BED5-D97550447788}.Debug|ARM.Build.0 = Debug|Any CPU
		{35BD20C8-C068-492C-BED5-D97550447788}.Debug|ARM.Deploy.0 = Debug|Any CPU
		{35BD20C8-C068-492C-BED5-D97550447788}.Debug|iPhone.ActiveCfg = Debug|Any CPU
		{35BD20C8-C068-492C-BED5-D97550447788}.Debug|iPhone.Build.0 = Debug|Any CPU
		{35BD20C8-C068-492C-BED5-D97550447788}.Debug|iPhone.Deploy.0 = Debug|Any CPU
		{35BD20C8-C068-492C-BED5-D97550447788}.Debug|iPhoneSimulator.ActiveCfg = Debug|Any CPU
		{35BD20C8-C068-492C-BED5-D97550447788}.Debug|iPhoneSimulator.Build.0 = Debug|Any CPU
		{35BD20C8-C068-492C-BED5-D97550447788}.Debug|iPhoneSimulator.Deploy.0 = Debug|Any CPU
		{35BD20C8-C068-492C-BED5-D97550447788}.Debug|x64.ActiveCfg = Debug|Any CPU
		{35BD20C8-C068-492C-BED5-D97550447788}.Debug|x64.Build.0 = Debug|Any CPU
		{35BD20C8-C068-492C-BED5-D97550447788}.Debug|x64.Deploy.0 = Debug|Any CPU
		{35BD20C8-C068-492C-BED5-D97550447788}.Debug|x86.ActiveCfg = Debug|Any CPU
		{35BD20C8-C068-492C-BED5-D97550447788}.Debug|x86.Build.0 = Debug|Any CPU
		{35BD20C8-C068-492C-BED5-D97550447788}.Debug|x86.Deploy.0 = Debug|Any CPU
		{35BD20C8-C068-492C-BED5-D97550447788}.Release|Any CPU.ActiveCfg = Release|Any CPU
		{35BD20C8-C068-492C-BED5-D97550447788}.Release|Any CPU.Build.0 = Release|Any CPU
		{35BD20C8-C068-492C-BED5-D97550447788}.Release|Any CPU.Deploy.0 = Release|Any CPU
		{35BD20C8-C068-492C-BED5-D97550447788}.Release|ARM.ActiveCfg = Release|Any CPU
		{35BD20C8-C068-492C-BED5-D97550447788}.Release|ARM.Build.0 = Release|Any CPU
		{35BD20C8-C068-492C-BED5-D97550447788}.Release|ARM.Deploy.0 = Release|Any CPU
		{35BD20C8-C068-492C-BED5-D97550447788}.Release|iPhone.ActiveCfg = Release|Any CPU
		{35BD20C8-C068-492C-BED5-D97550447788}.Release|iPhone.Build.0 = Release|Any CPU
		{35BD20C8-C068-492C-BED5-D97550447788}.Release|iPhone.Deploy.0 = Release|Any CPU
		{35BD20C8-C068-492C-BED5-D97550447788}.Release|iPhoneSimulator.ActiveCfg = Release|Any CPU
		{35BD20C8-C068-492C-BED5-D97550447788}.Release|iPhoneSimulator.Build.0 = Release|Any CPU
		{35BD20C8-C068-492C-BED5-D97550447788}.Release|iPhoneSimulator.Deploy.0 = Release|Any CPU
		{35BD20C8-C068-492C-BED5-D97550447788}.Release|x64.ActiveCfg = Release|Any CPU
		{35BD20C8-C068-492C-BED5-D97550447788}.Release|x64.Build.0 = Release|Any CPU
		{35BD20C8-C068-492C-BED5-D97550447788}.Release|x64.Deploy.0 = Release|Any CPU
		{35BD20C8-C068-492C-BED5-D97550447788}.Release|x86.ActiveCfg = Release|Any CPU
		{35BD20C8-C068-492C-BED5-D97550447788}.Release|x86.Build.0 = Release|Any CPU
		{35BD20C8-C068-492C-BED5-D97550447788}.Release|x86.Deploy.0 = Release|Any CPU
		{D94051D2-D4A8-443F-86E8-8BF277C1567F}.Ad-Hoc|Any CPU.ActiveCfg = Ad-Hoc|iPhone
		{D94051D2-D4A8-443F-86E8-8BF277C1567F}.Ad-Hoc|Any CPU.Build.0 = Ad-Hoc|iPhone
		{D94051D2-D4A8-443F-86E8-8BF277C1567F}.Ad-Hoc|Any CPU.Deploy.0 = Ad-Hoc|iPhone
		{D94051D2-D4A8-443F-86E8-8BF277C1567F}.Ad-Hoc|ARM.ActiveCfg = Ad-Hoc|iPhone
		{D94051D2-D4A8-443F-86E8-8BF277C1567F}.Ad-Hoc|ARM.Build.0 = Ad-Hoc|iPhone
		{D94051D2-D4A8-443F-86E8-8BF277C1567F}.Ad-Hoc|ARM.Deploy.0 = Ad-Hoc|iPhone
		{D94051D2-D4A8-443F-86E8-8BF277C1567F}.Ad-Hoc|iPhone.ActiveCfg = Ad-Hoc|iPhone
		{D94051D2-D4A8-443F-86E8-8BF277C1567F}.Ad-Hoc|iPhone.Build.0 = Ad-Hoc|iPhone
		{D94051D2-D4A8-443F-86E8-8BF277C1567F}.Ad-Hoc|iPhone.Deploy.0 = Ad-Hoc|iPhone
		{D94051D2-D4A8-443F-86E8-8BF277C1567F}.Ad-Hoc|iPhoneSimulator.ActiveCfg = Ad-Hoc|iPhoneSimulator
		{D94051D2-D4A8-443F-86E8-8BF277C1567F}.Ad-Hoc|iPhoneSimulator.Build.0 = Ad-Hoc|iPhoneSimulator
		{D94051D2-D4A8-443F-86E8-8BF277C1567F}.Ad-Hoc|iPhoneSimulator.Deploy.0 = Ad-Hoc|iPhoneSimulator
		{D94051D2-D4A8-443F-86E8-8BF277C1567F}.Ad-Hoc|x64.ActiveCfg = Ad-Hoc|iPhone
		{D94051D2-D4A8-443F-86E8-8BF277C1567F}.Ad-Hoc|x64.Build.0 = Ad-Hoc|iPhone
		{D94051D2-D4A8-443F-86E8-8BF277C1567F}.Ad-Hoc|x64.Deploy.0 = Ad-Hoc|iPhone
		{D94051D2-D4A8-443F-86E8-8BF277C1567F}.Ad-Hoc|x86.ActiveCfg = Ad-Hoc|iPhone
		{D94051D2-D4A8-443F-86E8-8BF277C1567F}.Ad-Hoc|x86.Build.0 = Ad-Hoc|iPhone
		{D94051D2-D4A8-443F-86E8-8BF277C1567F}.Ad-Hoc|x86.Deploy.0 = Ad-Hoc|iPhone
		{D94051D2-D4A8-443F-86E8-8BF277C1567F}.AppStore|Any CPU.ActiveCfg = AppStore|iPhone
		{D94051D2-D4A8-443F-86E8-8BF277C1567F}.AppStore|Any CPU.Build.0 = AppStore|iPhone
		{D94051D2-D4A8-443F-86E8-8BF277C1567F}.AppStore|Any CPU.Deploy.0 = AppStore|iPhone
		{D94051D2-D4A8-443F-86E8-8BF277C1567F}.AppStore|ARM.ActiveCfg = AppStore|iPhone
		{D94051D2-D4A8-443F-86E8-8BF277C1567F}.AppStore|ARM.Build.0 = AppStore|iPhone
		{D94051D2-D4A8-443F-86E8-8BF277C1567F}.AppStore|ARM.Deploy.0 = AppStore|iPhone
		{D94051D2-D4A8-443F-86E8-8BF277C1567F}.AppStore|iPhone.ActiveCfg = AppStore|iPhone
		{D94051D2-D4A8-443F-86E8-8BF277C1567F}.AppStore|iPhone.Build.0 = AppStore|iPhone
		{D94051D2-D4A8-443F-86E8-8BF277C1567F}.AppStore|iPhone.Deploy.0 = AppStore|iPhone
		{D94051D2-D4A8-443F-86E8-8BF277C1567F}.AppStore|iPhoneSimulator.ActiveCfg = AppStore|iPhoneSimulator
		{D94051D2-D4A8-443F-86E8-8BF277C1567F}.AppStore|iPhoneSimulator.Build.0 = AppStore|iPhoneSimulator
		{D94051D2-D4A8-443F-86E8-8BF277C1567F}.AppStore|iPhoneSimulator.Deploy.0 = AppStore|iPhoneSimulator
		{D94051D2-D4A8-443F-86E8-8BF277C1567F}.AppStore|x64.ActiveCfg = AppStore|iPhone
		{D94051D2-D4A8-443F-86E8-8BF277C1567F}.AppStore|x64.Build.0 = AppStore|iPhone
		{D94051D2-D4A8-443F-86E8-8BF277C1567F}.AppStore|x64.Deploy.0 = AppStore|iPhone
		{D94051D2-D4A8-443F-86E8-8BF277C1567F}.AppStore|x86.ActiveCfg = AppStore|iPhone
		{D94051D2-D4A8-443F-86E8-8BF277C1567F}.AppStore|x86.Build.0 = AppStore|iPhone
		{D94051D2-D4A8-443F-86E8-8BF277C1567F}.AppStore|x86.Deploy.0 = AppStore|iPhone
		{D94051D2-D4A8-443F-86E8-8BF277C1567F}.Debug|Any CPU.ActiveCfg = Debug|iPhoneSimulator
		{D94051D2-D4A8-443F-86E8-8BF277C1567F}.Debug|Any CPU.Build.0 = Debug|iPhoneSimulator
		{D94051D2-D4A8-443F-86E8-8BF277C1567F}.Debug|Any CPU.Deploy.0 = Debug|iPhoneSimulator
		{D94051D2-D4A8-443F-86E8-8BF277C1567F}.Debug|ARM.ActiveCfg = Debug|iPhone
		{D94051D2-D4A8-443F-86E8-8BF277C1567F}.Debug|ARM.Build.0 = Debug|iPhone
		{D94051D2-D4A8-443F-86E8-8BF277C1567F}.Debug|ARM.Deploy.0 = Debug|iPhone
		{D94051D2-D4A8-443F-86E8-8BF277C1567F}.Debug|iPhone.ActiveCfg = Debug|iPhone
		{D94051D2-D4A8-443F-86E8-8BF277C1567F}.Debug|iPhone.Build.0 = Debug|iPhone
		{D94051D2-D4A8-443F-86E8-8BF277C1567F}.Debug|iPhone.Deploy.0 = Debug|iPhone
		{D94051D2-D4A8-443F-86E8-8BF277C1567F}.Debug|iPhoneSimulator.ActiveCfg = Debug|iPhoneSimulator
		{D94051D2-D4A8-443F-86E8-8BF277C1567F}.Debug|iPhoneSimulator.Build.0 = Debug|iPhoneSimulator
		{D94051D2-D4A8-443F-86E8-8BF277C1567F}.Debug|iPhoneSimulator.Deploy.0 = Debug|iPhoneSimulator
		{D94051D2-D4A8-443F-86E8-8BF277C1567F}.Debug|x64.ActiveCfg = Debug|iPhone
		{D94051D2-D4A8-443F-86E8-8BF277C1567F}.Debug|x64.Build.0 = Debug|iPhone
		{D94051D2-D4A8-443F-86E8-8BF277C1567F}.Debug|x64.Deploy.0 = Debug|iPhone
		{D94051D2-D4A8-443F-86E8-8BF277C1567F}.Debug|x86.ActiveCfg = Debug|iPhone
		{D94051D2-D4A8-443F-86E8-8BF277C1567F}.Debug|x86.Build.0 = Debug|iPhone
		{D94051D2-D4A8-443F-86E8-8BF277C1567F}.Debug|x86.Deploy.0 = Debug|iPhone
		{D94051D2-D4A8-443F-86E8-8BF277C1567F}.Release|Any CPU.ActiveCfg = Release|iPhone
		{D94051D2-D4A8-443F-86E8-8BF277C1567F}.Release|Any CPU.Build.0 = Release|iPhone
		{D94051D2-D4A8-443F-86E8-8BF277C1567F}.Release|Any CPU.Deploy.0 = Release|iPhone
		{D94051D2-D4A8-443F-86E8-8BF277C1567F}.Release|ARM.ActiveCfg = Release|iPhone
		{D94051D2-D4A8-443F-86E8-8BF277C1567F}.Release|ARM.Build.0 = Release|iPhone
		{D94051D2-D4A8-443F-86E8-8BF277C1567F}.Release|ARM.Deploy.0 = Release|iPhone
		{D94051D2-D4A8-443F-86E8-8BF277C1567F}.Release|iPhone.ActiveCfg = Release|iPhone
		{D94051D2-D4A8-443F-86E8-8BF277C1567F}.Release|iPhone.Build.0 = Release|iPhone
		{D94051D2-D4A8-443F-86E8-8BF277C1567F}.Release|iPhone.Deploy.0 = Release|iPhone
		{D94051D2-D4A8-443F-86E8-8BF277C1567F}.Release|iPhoneSimulator.ActiveCfg = Release|iPhoneSimulator
		{D94051D2-D4A8-443F-86E8-8BF277C1567F}.Release|iPhoneSimulator.Build.0 = Release|iPhoneSimulator
		{D94051D2-D4A8-443F-86E8-8BF277C1567F}.Release|iPhoneSimulator.Deploy.0 = Release|iPhoneSimulator
		{D94051D2-D4A8-443F-86E8-8BF277C1567F}.Release|x64.ActiveCfg = Release|iPhone
		{D94051D2-D4A8-443F-86E8-8BF277C1567F}.Release|x64.Build.0 = Release|iPhone
		{D94051D2-D4A8-443F-86E8-8BF277C1567F}.Release|x64.Deploy.0 = Release|iPhone
		{D94051D2-D4A8-443F-86E8-8BF277C1567F}.Release|x86.ActiveCfg = Release|iPhone
		{D94051D2-D4A8-443F-86E8-8BF277C1567F}.Release|x86.Build.0 = Release|iPhone
		{D94051D2-D4A8-443F-86E8-8BF277C1567F}.Release|x86.Deploy.0 = Release|iPhone
		{926002A9-9AA6-40B9-A949-7B4F2BB859AE}.Ad-Hoc|Any CPU.ActiveCfg = Release|x86
		{926002A9-9AA6-40B9-A949-7B4F2BB859AE}.Ad-Hoc|Any CPU.Build.0 = Release|x86
		{926002A9-9AA6-40B9-A949-7B4F2BB859AE}.Ad-Hoc|Any CPU.Deploy.0 = Release|x86
		{926002A9-9AA6-40B9-A949-7B4F2BB859AE}.Ad-Hoc|ARM.ActiveCfg = Release|ARM
		{926002A9-9AA6-40B9-A949-7B4F2BB859AE}.Ad-Hoc|ARM.Build.0 = Release|ARM
		{926002A9-9AA6-40B9-A949-7B4F2BB859AE}.Ad-Hoc|ARM.Deploy.0 = Release|ARM
		{926002A9-9AA6-40B9-A949-7B4F2BB859AE}.Ad-Hoc|iPhone.ActiveCfg = Release|x86
		{926002A9-9AA6-40B9-A949-7B4F2BB859AE}.Ad-Hoc|iPhone.Build.0 = Release|x86
		{926002A9-9AA6-40B9-A949-7B4F2BB859AE}.Ad-Hoc|iPhone.Deploy.0 = Release|x86
		{926002A9-9AA6-40B9-A949-7B4F2BB859AE}.Ad-Hoc|iPhoneSimulator.ActiveCfg = Release|x86
		{926002A9-9AA6-40B9-A949-7B4F2BB859AE}.Ad-Hoc|iPhoneSimulator.Build.0 = Release|x86
		{926002A9-9AA6-40B9-A949-7B4F2BB859AE}.Ad-Hoc|iPhoneSimulator.Deploy.0 = Release|x86
		{926002A9-9AA6-40B9-A949-7B4F2BB859AE}.Ad-Hoc|x64.ActiveCfg = Release|x64
		{926002A9-9AA6-40B9-A949-7B4F2BB859AE}.Ad-Hoc|x64.Build.0 = Release|x64
		{926002A9-9AA6-40B9-A949-7B4F2BB859AE}.Ad-Hoc|x64.Deploy.0 = Release|x64
		{926002A9-9AA6-40B9-A949-7B4F2BB859AE}.Ad-Hoc|x86.ActiveCfg = Release|x86
		{926002A9-9AA6-40B9-A949-7B4F2BB859AE}.Ad-Hoc|x86.Build.0 = Release|x86
		{926002A9-9AA6-40B9-A949-7B4F2BB859AE}.Ad-Hoc|x86.Deploy.0 = Release|x86
		{926002A9-9AA6-40B9-A949-7B4F2BB859AE}.AppStore|Any CPU.ActiveCfg = Release|x86
		{926002A9-9AA6-40B9-A949-7B4F2BB859AE}.AppStore|Any CPU.Build.0 = Release|x86
		{926002A9-9AA6-40B9-A949-7B4F2BB859AE}.AppStore|Any CPU.Deploy.0 = Release|x86
		{926002A9-9AA6-40B9-A949-7B4F2BB859AE}.AppStore|ARM.ActiveCfg = Release|ARM
		{926002A9-9AA6-40B9-A949-7B4F2BB859AE}.AppStore|ARM.Build.0 = Release|ARM
		{926002A9-9AA6-40B9-A949-7B4F2BB859AE}.AppStore|ARM.Deploy.0 = Release|ARM
		{926002A9-9AA6-40B9-A949-7B4F2BB859AE}.AppStore|iPhone.ActiveCfg = Release|x86
		{926002A9-9AA6-40B9-A949-7B4F2BB859AE}.AppStore|iPhone.Build.0 = Release|x86
		{926002A9-9AA6-40B9-A949-7B4F2BB859AE}.AppStore|iPhone.Deploy.0 = Release|x86
		{926002A9-9AA6-40B9-A949-7B4F2BB859AE}.AppStore|iPhoneSimulator.ActiveCfg = Release|x86
		{926002A9-9AA6-40B9-A949-7B4F2BB859AE}.AppStore|iPhoneSimulator.Build.0 = Release|x86
		{926002A9-9AA6-40B9-A949-7B4F2BB859AE}.AppStore|iPhoneSimulator.Deploy.0 = Release|x86
		{926002A9-9AA6-40B9-A949-7B4F2BB859AE}.AppStore|x64.ActiveCfg = Release|x64
		{926002A9-9AA6-40B9-A949-7B4F2BB859AE}.AppStore|x64.Build.0 = Release|x64
		{926002A9-9AA6-40B9-A949-7B4F2BB859AE}.AppStore|x64.Deploy.0 = Release|x64
		{926002A9-9AA6-40B9-A949-7B4F2BB859AE}.AppStore|x86.ActiveCfg = Release|x86
		{926002A9-9AA6-40B9-A949-7B4F2BB859AE}.AppStore|x86.Build.0 = Release|x86
		{926002A9-9AA6-40B9-A949-7B4F2BB859AE}.AppStore|x86.Deploy.0 = Release|x86
		{926002A9-9AA6-40B9-A949-7B4F2BB859AE}.Debug|Any CPU.ActiveCfg = Debug|x86
		{926002A9-9AA6-40B9-A949-7B4F2BB859AE}.Debug|ARM.ActiveCfg = Debug|ARM
		{926002A9-9AA6-40B9-A949-7B4F2BB859AE}.Debug|ARM.Build.0 = Debug|ARM
		{926002A9-9AA6-40B9-A949-7B4F2BB859AE}.Debug|ARM.Deploy.0 = Debug|ARM
		{926002A9-9AA6-40B9-A949-7B4F2BB859AE}.Debug|iPhone.ActiveCfg = Debug|x86
		{926002A9-9AA6-40B9-A949-7B4F2BB859AE}.Debug|iPhoneSimulator.ActiveCfg = Debug|x86
		{926002A9-9AA6-40B9-A949-7B4F2BB859AE}.Debug|x64.ActiveCfg = Debug|x64
		{926002A9-9AA6-40B9-A949-7B4F2BB859AE}.Debug|x64.Build.0 = Debug|x64
		{926002A9-9AA6-40B9-A949-7B4F2BB859AE}.Debug|x64.Deploy.0 = Debug|x64
		{926002A9-9AA6-40B9-A949-7B4F2BB859AE}.Debug|x86.ActiveCfg = Debug|x86
		{926002A9-9AA6-40B9-A949-7B4F2BB859AE}.Debug|x86.Build.0 = Debug|x86
		{926002A9-9AA6-40B9-A949-7B4F2BB859AE}.Debug|x86.Deploy.0 = Debug|x86
		{926002A9-9AA6-40B9-A949-7B4F2BB859AE}.Release|Any CPU.ActiveCfg = Release|x86
		{926002A9-9AA6-40B9-A949-7B4F2BB859AE}.Release|ARM.ActiveCfg = Release|ARM
		{926002A9-9AA6-40B9-A949-7B4F2BB859AE}.Release|ARM.Build.0 = Release|ARM
		{926002A9-9AA6-40B9-A949-7B4F2BB859AE}.Release|ARM.Deploy.0 = Release|ARM
		{926002A9-9AA6-40B9-A949-7B4F2BB859AE}.Release|iPhone.ActiveCfg = Release|x86
		{926002A9-9AA6-40B9-A949-7B4F2BB859AE}.Release|iPhoneSimulator.ActiveCfg = Release|x86
		{926002A9-9AA6-40B9-A949-7B4F2BB859AE}.Release|x64.ActiveCfg = Release|x64
		{926002A9-9AA6-40B9-A949-7B4F2BB859AE}.Release|x64.Build.0 = Release|x64
		{926002A9-9AA6-40B9-A949-7B4F2BB859AE}.Release|x64.Deploy.0 = Release|x64
		{926002A9-9AA6-40B9-A949-7B4F2BB859AE}.Release|x86.ActiveCfg = Release|x86
		{926002A9-9AA6-40B9-A949-7B4F2BB859AE}.Release|x86.Build.0 = Release|x86
		{926002A9-9AA6-40B9-A949-7B4F2BB859AE}.Release|x86.Deploy.0 = Release|x86
		{DBEC6B52-D9DD-4478-ACEF-17FFA4FE0E39}.Ad-Hoc|Any CPU.ActiveCfg = Debug|Any CPU
		{DBEC6B52-D9DD-4478-ACEF-17FFA4FE0E39}.Ad-Hoc|Any CPU.Build.0 = Debug|Any CPU
		{DBEC6B52-D9DD-4478-ACEF-17FFA4FE0E39}.Ad-Hoc|Any CPU.Deploy.0 = Debug|Any CPU
		{DBEC6B52-D9DD-4478-ACEF-17FFA4FE0E39}.Ad-Hoc|ARM.ActiveCfg = Debug|Any CPU
		{DBEC6B52-D9DD-4478-ACEF-17FFA4FE0E39}.Ad-Hoc|ARM.Build.0 = Debug|Any CPU
		{DBEC6B52-D9DD-4478-ACEF-17FFA4FE0E39}.Ad-Hoc|ARM.Deploy.0 = Debug|Any CPU
		{DBEC6B52-D9DD-4478-ACEF-17FFA4FE0E39}.Ad-Hoc|iPhone.ActiveCfg = Debug|Any CPU
		{DBEC6B52-D9DD-4478-ACEF-17FFA4FE0E39}.Ad-Hoc|iPhone.Build.0 = Debug|Any CPU
		{DBEC6B52-D9DD-4478-ACEF-17FFA4FE0E39}.Ad-Hoc|iPhone.Deploy.0 = Debug|Any CPU
		{DBEC6B52-D9DD-4478-ACEF-17FFA4FE0E39}.Ad-Hoc|iPhoneSimulator.ActiveCfg = Debug|Any CPU
		{DBEC6B52-D9DD-4478-ACEF-17FFA4FE0E39}.Ad-Hoc|iPhoneSimulator.Build.0 = Debug|Any CPU
		{DBEC6B52-D9DD-4478-ACEF-17FFA4FE0E39}.Ad-Hoc|iPhoneSimulator.Deploy.0 = Debug|Any CPU
		{DBEC6B52-D9DD-4478-ACEF-17FFA4FE0E39}.Ad-Hoc|x64.ActiveCfg = Debug|Any CPU
		{DBEC6B52-D9DD-4478-ACEF-17FFA4FE0E39}.Ad-Hoc|x64.Build.0 = Debug|Any CPU
		{DBEC6B52-D9DD-4478-ACEF-17FFA4FE0E39}.Ad-Hoc|x64.Deploy.0 = Debug|Any CPU
		{DBEC6B52-D9DD-4478-ACEF-17FFA4FE0E39}.Ad-Hoc|x86.ActiveCfg = Debug|Any CPU
		{DBEC6B52-D9DD-4478-ACEF-17FFA4FE0E39}.Ad-Hoc|x86.Build.0 = Debug|Any CPU
		{DBEC6B52-D9DD-4478-ACEF-17FFA4FE0E39}.Ad-Hoc|x86.Deploy.0 = Debug|Any CPU
		{DBEC6B52-D9DD-4478-ACEF-17FFA4FE0E39}.AppStore|Any CPU.ActiveCfg = Debug|Any CPU
		{DBEC6B52-D9DD-4478-ACEF-17FFA4FE0E39}.AppStore|Any CPU.Build.0 = Debug|Any CPU
		{DBEC6B52-D9DD-4478-ACEF-17FFA4FE0E39}.AppStore|Any CPU.Deploy.0 = Debug|Any CPU
		{DBEC6B52-D9DD-4478-ACEF-17FFA4FE0E39}.AppStore|ARM.ActiveCfg = Debug|Any CPU
		{DBEC6B52-D9DD-4478-ACEF-17FFA4FE0E39}.AppStore|ARM.Build.0 = Debug|Any CPU
		{DBEC6B52-D9DD-4478-ACEF-17FFA4FE0E39}.AppStore|ARM.Deploy.0 = Debug|Any CPU
		{DBEC6B52-D9DD-4478-ACEF-17FFA4FE0E39}.AppStore|iPhone.ActiveCfg = Debug|Any CPU
		{DBEC6B52-D9DD-4478-ACEF-17FFA4FE0E39}.AppStore|iPhone.Build.0 = Debug|Any CPU
		{DBEC6B52-D9DD-4478-ACEF-17FFA4FE0E39}.AppStore|iPhone.Deploy.0 = Debug|Any CPU
		{DBEC6B52-D9DD-4478-ACEF-17FFA4FE0E39}.AppStore|iPhoneSimulator.ActiveCfg = Debug|Any CPU
		{DBEC6B52-D9DD-4478-ACEF-17FFA4FE0E39}.AppStore|iPhoneSimulator.Build.0 = Debug|Any CPU
		{DBEC6B52-D9DD-4478-ACEF-17FFA4FE0E39}.AppStore|iPhoneSimulator.Deploy.0 = Debug|Any CPU
		{DBEC6B52-D9DD-4478-ACEF-17FFA4FE0E39}.AppStore|x64.ActiveCfg = Debug|Any CPU
		{DBEC6B52-D9DD-4478-ACEF-17FFA4FE0E39}.AppStore|x64.Build.0 = Debug|Any CPU
		{DBEC6B52-D9DD-4478-ACEF-17FFA4FE0E39}.AppStore|x64.Deploy.0 = Debug|Any CPU
		{DBEC6B52-D9DD-4478-ACEF-17FFA4FE0E39}.AppStore|x86.ActiveCfg = Debug|Any CPU
		{DBEC6B52-D9DD-4478-ACEF-17FFA4FE0E39}.AppStore|x86.Build.0 = Debug|Any CPU
		{DBEC6B52-D9DD-4478-ACEF-17FFA4FE0E39}.AppStore|x86.Deploy.0 = Debug|Any CPU
		{DBEC6B52-D9DD-4478-ACEF-17FFA4FE0E39}.Debug|Any CPU.ActiveCfg = Debug|Any CPU
		{DBEC6B52-D9DD-4478-ACEF-17FFA4FE0E39}.Debug|Any CPU.Build.0 = Debug|Any CPU
		{DBEC6B52-D9DD-4478-ACEF-17FFA4FE0E39}.Debug|Any CPU.Deploy.0 = Debug|Any CPU
		{DBEC6B52-D9DD-4478-ACEF-17FFA4FE0E39}.Debug|ARM.ActiveCfg = Debug|Any CPU
		{DBEC6B52-D9DD-4478-ACEF-17FFA4FE0E39}.Debug|ARM.Build.0 = Debug|Any CPU
		{DBEC6B52-D9DD-4478-ACEF-17FFA4FE0E39}.Debug|ARM.Deploy.0 = Debug|Any CPU
		{DBEC6B52-D9DD-4478-ACEF-17FFA4FE0E39}.Debug|iPhone.ActiveCfg = Debug|Any CPU
		{DBEC6B52-D9DD-4478-ACEF-17FFA4FE0E39}.Debug|iPhone.Build.0 = Debug|Any CPU
		{DBEC6B52-D9DD-4478-ACEF-17FFA4FE0E39}.Debug|iPhone.Deploy.0 = Debug|Any CPU
		{DBEC6B52-D9DD-4478-ACEF-17FFA4FE0E39}.Debug|iPhoneSimulator.ActiveCfg = Debug|Any CPU
		{DBEC6B52-D9DD-4478-ACEF-17FFA4FE0E39}.Debug|iPhoneSimulator.Build.0 = Debug|Any CPU
		{DBEC6B52-D9DD-4478-ACEF-17FFA4FE0E39}.Debug|iPhoneSimulator.Deploy.0 = Debug|Any CPU
		{DBEC6B52-D9DD-4478-ACEF-17FFA4FE0E39}.Debug|x64.ActiveCfg = Debug|Any CPU
		{DBEC6B52-D9DD-4478-ACEF-17FFA4FE0E39}.Debug|x64.Build.0 = Debug|Any CPU
		{DBEC6B52-D9DD-4478-ACEF-17FFA4FE0E39}.Debug|x64.Deploy.0 = Debug|Any CPU
		{DBEC6B52-D9DD-4478-ACEF-17FFA4FE0E39}.Debug|x86.ActiveCfg = Debug|Any CPU
		{DBEC6B52-D9DD-4478-ACEF-17FFA4FE0E39}.Debug|x86.Build.0 = Debug|Any CPU
		{DBEC6B52-D9DD-4478-ACEF-17FFA4FE0E39}.Debug|x86.Deploy.0 = Debug|Any CPU
		{DBEC6B52-D9DD-4478-ACEF-17FFA4FE0E39}.Release|Any CPU.ActiveCfg = Release|Any CPU
		{DBEC6B52-D9DD-4478-ACEF-17FFA4FE0E39}.Release|Any CPU.Build.0 = Release|Any CPU
		{DBEC6B52-D9DD-4478-ACEF-17FFA4FE0E39}.Release|Any CPU.Deploy.0 = Release|Any CPU
		{DBEC6B52-D9DD-4478-ACEF-17FFA4FE0E39}.Release|ARM.ActiveCfg = Release|Any CPU
		{DBEC6B52-D9DD-4478-ACEF-17FFA4FE0E39}.Release|ARM.Build.0 = Release|Any CPU
		{DBEC6B52-D9DD-4478-ACEF-17FFA4FE0E39}.Release|ARM.Deploy.0 = Release|Any CPU
		{DBEC6B52-D9DD-4478-ACEF-17FFA4FE0E39}.Release|iPhone.ActiveCfg = Release|Any CPU
		{DBEC6B52-D9DD-4478-ACEF-17FFA4FE0E39}.Release|iPhone.Build.0 = Release|Any CPU
		{DBEC6B52-D9DD-4478-ACEF-17FFA4FE0E39}.Release|iPhone.Deploy.0 = Release|Any CPU
		{DBEC6B52-D9DD-4478-ACEF-17FFA4FE0E39}.Release|iPhoneSimulator.ActiveCfg = Release|Any CPU
		{DBEC6B52-D9DD-4478-ACEF-17FFA4FE0E39}.Release|iPhoneSimulator.Build.0 = Release|Any CPU
		{DBEC6B52-D9DD-4478-ACEF-17FFA4FE0E39}.Release|iPhoneSimulator.Deploy.0 = Release|Any CPU
		{DBEC6B52-D9DD-4478-ACEF-17FFA4FE0E39}.Release|x64.ActiveCfg = Release|Any CPU
		{DBEC6B52-D9DD-4478-ACEF-17FFA4FE0E39}.Release|x64.Build.0 = Release|Any CPU
		{DBEC6B52-D9DD-4478-ACEF-17FFA4FE0E39}.Release|x64.Deploy.0 = Release|Any CPU
		{DBEC6B52-D9DD-4478-ACEF-17FFA4FE0E39}.Release|x86.ActiveCfg = Release|Any CPU
		{DBEC6B52-D9DD-4478-ACEF-17FFA4FE0E39}.Release|x86.Build.0 = Release|Any CPU
		{DBEC6B52-D9DD-4478-ACEF-17FFA4FE0E39}.Release|x86.Deploy.0 = Release|Any CPU
	EndGlobalSection
	GlobalSection(SolutionProperties) = preSolution
		HideSolutionNode = FALSE
	EndGlobalSection
	GlobalSection(ExtensibilityGlobals) = postSolution
		SolutionGuid = {8D2B4848-9C41-4FF0-85B9-09AB1858C91A}
	EndGlobalSection
EndGlobal
